
Microsoft Visual Studio Solution File, Format Version 11.00
# Visual Studio 2010
Project("{FAE04EC0-301F-11D3-BF4B-00C04F79EFBC}") = "GLImpUnitTest", "GLImpUnitTest\GLImpUnitTest.csproj", "{9B8A05F4-CAA7-4411-BCCE-6DB9DF9DB5BF}"
EndProject
Project("{FAE04EC0-301F-11D3-BF4B-00C04F79EFBC}") = "GLImp", "GLImp\GLImp.csproj", "{239CCB17-C79B-493E-9FEA-2B3D349EB30A}"
EndProject
Global
	GlobalSection(SolutionConfigurationPlatforms) = preSolution
		Debug|Any CPU = Debug|Any CPU
		Release|Any CPU = Release|Any CPU
	EndGlobalSection
	GlobalSection(ProjectConfigurationPlatforms) = postSolution
		{9B8A05F4-CAA7-4411-BCCE-6DB9DF9DB5BF}.Debug|Any CPU.ActiveCfg = Debug|Any CPU
		{9B8A05F4-CAA7-4411-BCCE-6DB9DF9DB5BF}.Debug|Any CPU.Build.0 = Debug|Any CPU
		{9B8A05F4-CAA7-4411-BCCE-6DB9DF9DB5BF}.Release|Any CPU.ActiveCfg = Release|Any CPU
		{9B8A05F4-CAA7-4411-BCCE-6DB9DF9DB5BF}.Release|Any CPU.Build.0 = Release|Any CPU
		{239CCB17-C79B-493E-9FEA-2B3D349EB30A}.Debug|Any CPU.ActiveCfg = Debug|Any CPU
		{239CCB17-C79B-493E-9FEA-2B3D349EB30A}.Debug|Any CPU.Build.0 = Debug|Any CPU
		{239CCB17-C79B-493E-9FEA-2B3D349EB30A}.Release|Any CPU.ActiveCfg = Release|Any CPU
		{239CCB17-C79B-493E-9FEA-2B3D349EB30A}.Release|Any CPU.Build.0 = Release|Any CPU
	EndGlobalSection
	GlobalSection(SolutionProperties) = preSolution
		HideSolutionNode = FALSE
	EndGlobalSection
EndGlobal
